
Microsoft Visual Studio Solution File, Format Version 12.00
# Visual Studio Version 17
VisualStudioVersion = 17.13.35931.197 d17.13
MinimumVisualStudioVersion = 10.0.40219.1
Project("{FAE04EC0-301F-11D3-BF4B-00C04F79EFBC}") = "quvvet tapsiriqi", "quvvet tapsiriqi.csproj", "{F1F00631-2AB3-4C0D-9034-5948AC4EF62B}"
EndProject
Global
	GlobalSection(SolutionConfigurationPlatforms) = preSolution
		Debug|Any CPU = Debug|Any CPU
		Release|Any CPU = Release|Any CPU
	EndGlobalSection
	GlobalSection(ProjectConfigurationPlatforms) = postSolution
		{F1F00631-2AB3-4C0D-9034-5948AC4EF62B}.Debug|Any CPU.ActiveCfg = Debug|Any CPU
		{F1F00631-2AB3-4C0D-9034-5948AC4EF62B}.Debug|Any CPU.Build.0 = Debug|Any CPU
		{F1F00631-2AB3-4C0D-9034-5948AC4EF62B}.Release|Any CPU.ActiveCfg = Release|Any CPU
		{F1F00631-2AB3-4C0D-9034-5948AC4EF62B}.Release|Any CPU.Build.0 = Release|Any CPU
	EndGlobalSection
	GlobalSection(SolutionProperties) = preSolution
		HideSolutionNode = FALSE
	EndGlobalSection
	GlobalSection(ExtensibilityGlobals) = postSolution
		SolutionGuid = {1009CA74-E6F0-4571-92FF-48DC5F655A9C}
	EndGlobalSection
EndGlobal
