
Microsoft Visual Studio Solution File, Format Version 12.00
# Visual Studio Version 17
VisualStudioVersion = 17.13.35931.197 d17.13
MinimumVisualStudioVersion = 10.0.40219.1
Project("{FAE04EC0-301F-11D3-BF4B-00C04F79EFBC}") = "bosluq silen metod", "bosluq silen metod.csproj", "{C60A6AAA-6A56-4279-9488-0175392A6367}"
EndProject
Global
	GlobalSection(SolutionConfigurationPlatforms) = preSolution
		Debug|Any CPU = Debug|Any CPU
		Release|Any CPU = Release|Any CPU
	EndGlobalSection
	GlobalSection(ProjectConfigurationPlatforms) = postSolution
		{C60A6AAA-6A56-4279-9488-0175392A6367}.Debug|Any CPU.ActiveCfg = Debug|Any CPU
		{C60A6AAA-6A56-4279-9488-0175392A6367}.Debug|Any CPU.Build.0 = Debug|Any CPU
		{C60A6AAA-6A56-4279-9488-0175392A6367}.Release|Any CPU.ActiveCfg = Release|Any CPU
		{C60A6AAA-6A56-4279-9488-0175392A6367}.Release|Any CPU.Build.0 = Release|Any CPU
	EndGlobalSection
	GlobalSection(SolutionProperties) = preSolution
		HideSolutionNode = FALSE
	EndGlobalSection
	GlobalSection(ExtensibilityGlobals) = postSolution
		SolutionGuid = {7E7A3CB0-A497-47CC-B349-498CDDD4AEF1}
	EndGlobalSection
EndGlobal
