
Microsoft Visual Studio Solution File, Format Version 12.00
# Visual Studio Version 17
VisualStudioVersion = 17.13.35931.197 d17.13
MinimumVisualStudioVersion = 10.0.40219.1
Project("{FAE04EC0-301F-11D3-BF4B-00C04F79EFBC}") = "arraya elave verriable teyini", "arraya elave verriable teyini.csproj", "{DDC984F9-4EED-48BB-8A92-3B85DE600527}"
EndProject
Global
	GlobalSection(SolutionConfigurationPlatforms) = preSolution
		Debug|Any CPU = Debug|Any CPU
		Release|Any CPU = Release|Any CPU
	EndGlobalSection
	GlobalSection(ProjectConfigurationPlatforms) = postSolution
		{DDC984F9-4EED-48BB-8A92-3B85DE600527}.Debug|Any CPU.ActiveCfg = Debug|Any CPU
		{DDC984F9-4EED-48BB-8A92-3B85DE600527}.Debug|Any CPU.Build.0 = Debug|Any CPU
		{DDC984F9-4EED-48BB-8A92-3B85DE600527}.Release|Any CPU.ActiveCfg = Release|Any CPU
		{DDC984F9-4EED-48BB-8A92-3B85DE600527}.Release|Any CPU.Build.0 = Release|Any CPU
	EndGlobalSection
	GlobalSection(SolutionProperties) = preSolution
		HideSolutionNode = FALSE
	EndGlobalSection
	GlobalSection(ExtensibilityGlobals) = postSolution
		SolutionGuid = {50F555DD-B4E9-412D-AA6A-021A0C3EFE38}
	EndGlobalSection
EndGlobal
