
Microsoft Visual Studio Solution File, Format Version 12.00
# Visual Studio Version 17
VisualStudioVersion = 17.13.35931.197 d17.13
MinimumVisualStudioVersion = 10.0.40219.1
Project("{FAE04EC0-301F-11D3-BF4B-00C04F79EFBC}") = "elave tapsiriq 3", "elave tapsiriq 3.csproj", "{FAF9447E-8D92-4E2A-84AF-C97EC070A640}"
EndProject
Global
	GlobalSection(SolutionConfigurationPlatforms) = preSolution
		Debug|Any CPU = Debug|Any CPU
		Release|Any CPU = Release|Any CPU
	EndGlobalSection
	GlobalSection(ProjectConfigurationPlatforms) = postSolution
		{FAF9447E-8D92-4E2A-84AF-C97EC070A640}.Debug|Any CPU.ActiveCfg = Debug|Any CPU
		{FAF9447E-8D92-4E2A-84AF-C97EC070A640}.Debug|Any CPU.Build.0 = Debug|Any CPU
		{FAF9447E-8D92-4E2A-84AF-C97EC070A640}.Release|Any CPU.ActiveCfg = Release|Any CPU
		{FAF9447E-8D92-4E2A-84AF-C97EC070A640}.Release|Any CPU.Build.0 = Release|Any CPU
	EndGlobalSection
	GlobalSection(SolutionProperties) = preSolution
		HideSolutionNode = FALSE
	EndGlobalSection
	GlobalSection(ExtensibilityGlobals) = postSolution
		SolutionGuid = {7C4000D0-D6A9-4486-AE0C-4477ADFFE7D4}
	EndGlobalSection
EndGlobal
