
Microsoft Visual Studio Solution File, Format Version 12.00
# Visual Studio Version 17
VisualStudioVersion = 17.14.36121.58 d17.14
MinimumVisualStudioVersion = 10.0.40219.1
Project("{FAE04EC0-301F-11D3-BF4B-00C04F79EFBC}") = "Struct.record", "Struct.record.csproj", "{BA95C531-F6DE-4095-8988-68062A3A02C8}"
EndProject
Global
	GlobalSection(SolutionConfigurationPlatforms) = preSolution
		Debug|Any CPU = Debug|Any CPU
		Release|Any CPU = Release|Any CPU
	EndGlobalSection
	GlobalSection(ProjectConfigurationPlatforms) = postSolution
		{BA95C531-F6DE-4095-8988-68062A3A02C8}.Debug|Any CPU.ActiveCfg = Debug|Any CPU
		{BA95C531-F6DE-4095-8988-68062A3A02C8}.Debug|Any CPU.Build.0 = Debug|Any CPU
		{BA95C531-F6DE-4095-8988-68062A3A02C8}.Release|Any CPU.ActiveCfg = Release|Any CPU
		{BA95C531-F6DE-4095-8988-68062A3A02C8}.Release|Any CPU.Build.0 = Release|Any CPU
	EndGlobalSection
	GlobalSection(SolutionProperties) = preSolution
		HideSolutionNode = FALSE
	EndGlobalSection
	GlobalSection(ExtensibilityGlobals) = postSolution
		SolutionGuid = {1741022A-F995-4F31-ADBB-E27C33EED28C}
	EndGlobalSection
EndGlobal
