
Microsoft Visual Studio Solution File, Format Version 12.00
# Visual Studio Version 17
VisualStudioVersion = 17.13.35931.197 d17.13
MinimumVisualStudioVersion = 10.0.40219.1
Project("{FAE04EC0-301F-11D3-BF4B-00C04F79EFBC}") = "First Class", "First Class.csproj", "{887EE6E2-3FF0-43B8-AFD3-74EF46F61438}"
EndProject
Global
	GlobalSection(SolutionConfigurationPlatforms) = preSolution
		Debug|Any CPU = Debug|Any CPU
		Release|Any CPU = Release|Any CPU
	EndGlobalSection
	GlobalSection(ProjectConfigurationPlatforms) = postSolution
		{887EE6E2-3FF0-43B8-AFD3-74EF46F61438}.Debug|Any CPU.ActiveCfg = Debug|Any CPU
		{887EE6E2-3FF0-43B8-AFD3-74EF46F61438}.Debug|Any CPU.Build.0 = Debug|Any CPU
		{887EE6E2-3FF0-43B8-AFD3-74EF46F61438}.Release|Any CPU.ActiveCfg = Release|Any CPU
		{887EE6E2-3FF0-43B8-AFD3-74EF46F61438}.Release|Any CPU.Build.0 = Release|Any CPU
	EndGlobalSection
	GlobalSection(SolutionProperties) = preSolution
		HideSolutionNode = FALSE
	EndGlobalSection
	GlobalSection(ExtensibilityGlobals) = postSolution
		SolutionGuid = {0CB4406B-3F1E-4758-808C-BAC1CFD32B8D}
	EndGlobalSection
EndGlobal
