
Microsoft Visual Studio Solution File, Format Version 12.00
# Visual Studio Version 17
VisualStudioVersion = 17.13.35931.197 d17.13
MinimumVisualStudioVersion = 10.0.40219.1
Project("{FAE04EC0-301F-11D3-BF4B-00C04F79EFBC}") = "elave tapsiriq 1", "elave tapsiriq 1.csproj", "{5F646585-8FB0-4AC8-B19C-331B1B36CE48}"
EndProject
Global
	GlobalSection(SolutionConfigurationPlatforms) = preSolution
		Debug|Any CPU = Debug|Any CPU
		Release|Any CPU = Release|Any CPU
	EndGlobalSection
	GlobalSection(ProjectConfigurationPlatforms) = postSolution
		{5F646585-8FB0-4AC8-B19C-331B1B36CE48}.Debug|Any CPU.ActiveCfg = Debug|Any CPU
		{5F646585-8FB0-4AC8-B19C-331B1B36CE48}.Debug|Any CPU.Build.0 = Debug|Any CPU
		{5F646585-8FB0-4AC8-B19C-331B1B36CE48}.Release|Any CPU.ActiveCfg = Release|Any CPU
		{5F646585-8FB0-4AC8-B19C-331B1B36CE48}.Release|Any CPU.Build.0 = Release|Any CPU
	EndGlobalSection
	GlobalSection(SolutionProperties) = preSolution
		HideSolutionNode = FALSE
	EndGlobalSection
	GlobalSection(ExtensibilityGlobals) = postSolution
		SolutionGuid = {D1DAEBDD-FF99-4213-B53E-BB845399409A}
	EndGlobalSection
EndGlobal
