
Microsoft Visual Studio Solution File, Format Version 12.00
# Visual Studio Version 17
VisualStudioVersion = 17.13.35931.197 d17.13
MinimumVisualStudioVersion = 10.0.40219.1
Project("{FAE04EC0-301F-11D3-BF4B-00C04F79EFBC}") = "array kvadrat", "array kvadrat.csproj", "{4B79DBD0-76BD-476F-B048-DB40B0D4F7B3}"
EndProject
Global
	GlobalSection(SolutionConfigurationPlatforms) = preSolution
		Debug|Any CPU = Debug|Any CPU
		Release|Any CPU = Release|Any CPU
	EndGlobalSection
	GlobalSection(ProjectConfigurationPlatforms) = postSolution
		{4B79DBD0-76BD-476F-B048-DB40B0D4F7B3}.Debug|Any CPU.ActiveCfg = Debug|Any CPU
		{4B79DBD0-76BD-476F-B048-DB40B0D4F7B3}.Debug|Any CPU.Build.0 = Debug|Any CPU
		{4B79DBD0-76BD-476F-B048-DB40B0D4F7B3}.Release|Any CPU.ActiveCfg = Release|Any CPU
		{4B79DBD0-76BD-476F-B048-DB40B0D4F7B3}.Release|Any CPU.Build.0 = Release|Any CPU
	EndGlobalSection
	GlobalSection(SolutionProperties) = preSolution
		HideSolutionNode = FALSE
	EndGlobalSection
	GlobalSection(ExtensibilityGlobals) = postSolution
		SolutionGuid = {FC4F8AE4-3E7D-40FE-94B2-4938DE3A8FD4}
	EndGlobalSection
EndGlobal
